
Microsoft Visual Studio Solution File, Format Version 12.00
# Visual Studio Version 16
VisualStudioVersion = 16.0.29215.179
MinimumVisualStudioVersion = 10.0.40219.1
Project("{FAE04EC0-301F-11D3-BF4B-00C04F79EFBC}") = "CoreCRUD", "CoreCRUD\CoreCRUD.csproj", "{FB702CB5-52B7-4149-A9B5-D4F6B1335482}"
EndProject
Global
	GlobalSection(SolutionConfigurationPlatforms) = preSolution
		Debug|Any CPU = Debug|Any CPU
		Release|Any CPU = Release|Any CPU
	EndGlobalSection
	GlobalSection(ProjectConfigurationPlatforms) = postSolution
		{FB702CB5-52B7-4149-A9B5-D4F6B1335482}.Debug|Any CPU.ActiveCfg = Debug|Any CPU
		{FB702CB5-52B7-4149-A9B5-D4F6B1335482}.Debug|Any CPU.Build.0 = Debug|Any CPU
		{FB702CB5-52B7-4149-A9B5-D4F6B1335482}.Release|Any CPU.ActiveCfg = Release|Any CPU
		{FB702CB5-52B7-4149-A9B5-D4F6B1335482}.Release|Any CPU.Build.0 = Release|Any CPU
	EndGlobalSection
	GlobalSection(SolutionProperties) = preSolution
		HideSolutionNode = FALSE
	EndGlobalSection
	GlobalSection(ExtensibilityGlobals) = postSolution
		SolutionGuid = {916885F8-2535-4606-A9C5-3C8208E0181A}
	EndGlobalSection
EndGlobal
